
Microsoft Visual Studio Solution File, Format Version 12.00
# Visual Studio Version 16
VisualStudioVersion = 16.0.29318.209
MinimumVisualStudioVersion = 10.0.40219.1
Project("{FAE04EC0-301F-11D3-BF4B-00C04F79EFBC}") = "k180211_Q3", "k180211_Q3\k180211_Q3.csproj", "{5E09266D-8287-49B7-9801-36DD689E8A55}"
EndProject
Global
	GlobalSection(SolutionConfigurationPlatforms) = preSolution
		Debug|Any CPU = Debug|Any CPU
		Release|Any CPU = Release|Any CPU
	EndGlobalSection
	GlobalSection(ProjectConfigurationPlatforms) = postSolution
		{5E09266D-8287-49B7-9801-36DD689E8A55}.Debug|Any CPU.ActiveCfg = Debug|Any CPU
		{5E09266D-8287-49B7-9801-36DD689E8A55}.Debug|Any CPU.Build.0 = Debug|Any CPU
		{5E09266D-8287-49B7-9801-36DD689E8A55}.Release|Any CPU.ActiveCfg = Release|Any CPU
		{5E09266D-8287-49B7-9801-36DD689E8A55}.Release|Any CPU.Build.0 = Release|Any CPU
	EndGlobalSection
	GlobalSection(SolutionProperties) = preSolution
		HideSolutionNode = FALSE
	EndGlobalSection
	GlobalSection(ExtensibilityGlobals) = postSolution
		SolutionGuid = {4A054DCB-778B-41C5-BE64-37E43A08EB42}
	EndGlobalSection
EndGlobal
